
Microsoft Visual Studio Solution File, Format Version 12.00
# Visual Studio Version 17
VisualStudioVersion = 17.3.32929.385
MinimumVisualStudioVersion = 10.0.40219.1
Project("{9A19103F-16F7-4668-BE54-9A1E7A4F7556}") = "Exercicios", "Exercicios.csproj", "{B7565C91-8C10-4116-B61D-2914D2CCD935}"
EndProject
Global
	GlobalSection(SolutionConfigurationPlatforms) = preSolution
		Debug|Any CPU = Debug|Any CPU
		Release|Any CPU = Release|Any CPU
	EndGlobalSection
	GlobalSection(ProjectConfigurationPlatforms) = postSolution
		{B7565C91-8C10-4116-B61D-2914D2CCD935}.Debug|Any CPU.ActiveCfg = Debug|Any CPU
		{B7565C91-8C10-4116-B61D-2914D2CCD935}.Debug|Any CPU.Build.0 = Debug|Any CPU
		{B7565C91-8C10-4116-B61D-2914D2CCD935}.Release|Any CPU.ActiveCfg = Release|Any CPU
		{B7565C91-8C10-4116-B61D-2914D2CCD935}.Release|Any CPU.Build.0 = Release|Any CPU
	EndGlobalSection
	GlobalSection(SolutionProperties) = preSolution
		HideSolutionNode = FALSE
	EndGlobalSection
	GlobalSection(ExtensibilityGlobals) = postSolution
		SolutionGuid = {47B2BE8B-AB28-4917-A5CC-B09D405B09D3}
	EndGlobalSection
EndGlobal
